
Microsoft Visual Studio Solution File, Format Version 12.00
# Visual Studio 15
VisualStudioVersion = 15.0.28010.2016
MinimumVisualStudioVersion = 10.0.40219.1
Project("{9A19103F-16F7-4668-BE54-9A1E7A4F7556}") = "ParkingRota", "ParkingRota\ParkingRota.csproj", "{782962C9-5B15-4B36-978A-31A88A968169}"
EndProject
Project("{9A19103F-16F7-4668-BE54-9A1E7A4F7556}") = "ParkingRota.IntegrationTests", "ParkingRota.IntegrationTests\ParkingRota.IntegrationTests.csproj", "{1150441D-A3F1-4548-82FB-7D445C2BF058}"
EndProject
Project("{FAE04EC0-301F-11D3-BF4B-00C04F79EFBC}") = "ParkingRota.Data", "ParkingRota.Data\ParkingRota.Data.csproj", "{28FBCF74-8AB3-4948-8AAB-26F2EC40C350}"
EndProject
Global
	GlobalSection(SolutionConfigurationPlatforms) = preSolution
		Debug|Any CPU = Debug|Any CPU
		Release|Any CPU = Release|Any CPU
	EndGlobalSection
	GlobalSection(ProjectConfigurationPlatforms) = postSolution
		{782962C9-5B15-4B36-978A-31A88A968169}.Debug|Any CPU.ActiveCfg = Debug|Any CPU
		{782962C9-5B15-4B36-978A-31A88A968169}.Debug|Any CPU.Build.0 = Debug|Any CPU
		{782962C9-5B15-4B36-978A-31A88A968169}.Release|Any CPU.ActiveCfg = Release|Any CPU
		{782962C9-5B15-4B36-978A-31A88A968169}.Release|Any CPU.Build.0 = Release|Any CPU
		{1150441D-A3F1-4548-82FB-7D445C2BF058}.Debug|Any CPU.ActiveCfg = Debug|Any CPU
		{1150441D-A3F1-4548-82FB-7D445C2BF058}.Debug|Any CPU.Build.0 = Debug|Any CPU
		{1150441D-A3F1-4548-82FB-7D445C2BF058}.Release|Any CPU.ActiveCfg = Release|Any CPU
		{1150441D-A3F1-4548-82FB-7D445C2BF058}.Release|Any CPU.Build.0 = Release|Any CPU
		{28FBCF74-8AB3-4948-8AAB-26F2EC40C350}.Debug|Any CPU.ActiveCfg = Debug|Any CPU
		{28FBCF74-8AB3-4948-8AAB-26F2EC40C350}.Debug|Any CPU.Build.0 = Debug|Any CPU
		{28FBCF74-8AB3-4948-8AAB-26F2EC40C350}.Release|Any CPU.ActiveCfg = Release|Any CPU
		{28FBCF74-8AB3-4948-8AAB-26F2EC40C350}.Release|Any CPU.Build.0 = Release|Any CPU
	EndGlobalSection
	GlobalSection(SolutionProperties) = preSolution
		HideSolutionNode = FALSE
	EndGlobalSection
	GlobalSection(ExtensibilityGlobals) = postSolution
		SolutionGuid = {664150D2-E608-4F1A-A822-133103CA7367}
	EndGlobalSection
EndGlobal
